// !$*UTF8*$!
{
	archiveVersion = 1;
	classes = {
	};
	objectVersion = 50;
	objects = {

/* Begin PBXBuildFile section */
		AAE3841E26DA618D00CA8739 /* AppDelegate.swift in Sources */ = {isa = PBXBuildFile; fileRef = AAE3841D26DA618D00CA8739 /* AppDelegate.swift */; };
		AAE3842026DA618D00CA8739 /* SceneDelegate.swift in Sources */ = {isa = PBXBuildFile; fileRef = AAE3841F26DA618D00CA8739 /* SceneDelegate.swift */; };
		AAE3842226DA618D00CA8739 /* ConversionsVC.swift in Sources */ = {isa = PBXBuildFile; fileRef = AAE3842126DA618D00CA8739 /* ConversionsVC.swift */; };
		AAE3842526DA618D00CA8739 /* Main.storyboard in Resources */ = {isa = PBXBuildFile; fileRef = AAE3842326DA618D00CA8739 /* Main.storyboard */; };
		AAE3842726DA619300CA8739 /* Assets.xcassets in Resources */ = {isa = PBXBuildFile; fileRef = AAE3842626DA619300CA8739 /* Assets.xcassets */; };
		AAE3842A26DA619300CA8739 /* LaunchScreen.storyboard in Resources */ = {isa = PBXBuildFile; fileRef = AAE3842826DA619300CA8739 /* LaunchScreen.storyboard */; };
		AAFC5D6426DA63930041F661 /* LoginVC.swift in Sources */ = {isa = PBXBuildFile; fileRef = AAFC5D6326DA63930041F661 /* LoginVC.swift */; };
		AAFC5D6626DA63AA0041F661 /* RegisterVC.swift in Sources */ = {isa = PBXBuildFile; fileRef = AAFC5D6526DA63AA0041F661 /* RegisterVC.swift */; };
		AAFC5D6826DA64BB0041F661 /* PhotoViewerVC.swift in Sources */ = {isa = PBXBuildFile; fileRef = AAFC5D6726DA64BB0041F661 /* PhotoViewerVC.swift */; };
		AAFC5D6A26DA64CF0041F661 /* VideoPlayerVC.swift in Sources */ = {isa = PBXBuildFile; fileRef = AAFC5D6926DA64CF0041F661 /* VideoPlayerVC.swift */; };
		AAFC5D6C26DA65180041F661 /* NewConversionVC.swift in Sources */ = {isa = PBXBuildFile; fileRef = AAFC5D6B26DA65180041F661 /* NewConversionVC.swift */; };
		AAFC5D6E26DA65460041F661 /* ProfileVC.swift in Sources */ = {isa = PBXBuildFile; fileRef = AAFC5D6D26DA65460041F661 /* ProfileVC.swift */; };
/* End PBXBuildFile section */

/* Begin PBXFileReference section */
		AAE3841A26DA618D00CA8739 /* ChatApp.app */ = {isa = PBXFileReference; explicitFileType = wrapper.application; includeInIndex = 0; path = ChatApp.app; sourceTree = BUILT_PRODUCTS_DIR; };
		AAE3841D26DA618D00CA8739 /* AppDelegate.swift */ = {isa = PBXFileReference; lastKnownFileType = sourcecode.swift; path = AppDelegate.swift; sourceTree = "<group>"; };
		AAE3841F26DA618D00CA8739 /* SceneDelegate.swift */ = {isa = PBXFileReference; lastKnownFileType = sourcecode.swift; path = SceneDelegate.swift; sourceTree = "<group>"; };
		AAE3842126DA618D00CA8739 /* ConversionsVC.swift */ = {isa = PBXFileReference; lastKnownFileType = sourcecode.swift; path = ConversionsVC.swift; sourceTree = "<group>"; };
		AAE3842426DA618D00CA8739 /* Base */ = {isa = PBXFileReference; lastKnownFileType = file.storyboard; name = Base; path = Base.lproj/Main.storyboard; sourceTree = "<group>"; };
		AAE3842626DA619300CA8739 /* Assets.xcassets */ = {isa = PBXFileReference; lastKnownFileType = folder.assetcatalog; path = Assets.xcassets; sourceTree = "<group>"; };
		AAE3842926DA619300CA8739 /* Base */ = {isa = PBXFileReference; lastKnownFileType = file.storyboard; name = Base; path = Base.lproj/LaunchScreen.storyboard; sourceTree = "<group>"; };
		AAE3842B26DA619300CA8739 /* Info.plist */ = {isa = PBXFileReference; lastKnownFileType = text.plist.xml; path = Info.plist; sourceTree = "<group>"; };
		AAFC5D6326DA63930041F661 /* LoginVC.swift */ = {isa = PBXFileReference; lastKnownFileType = sourcecode.swift; path = LoginVC.swift; sourceTree = "<group>"; };
		AAFC5D6526DA63AA0041F661 /* RegisterVC.swift */ = {isa = PBXFileReference; lastKnownFileType = sourcecode.swift; path = RegisterVC.swift; sourceTree = "<group>"; };
		AAFC5D6726DA64BB0041F661 /* PhotoViewerVC.swift */ = {isa = PBXFileReference; lastKnownFileType = sourcecode.swift; path = PhotoViewerVC.swift; sourceTree = "<group>"; };
		AAFC5D6926DA64CF0041F661 /* VideoPlayerVC.swift */ = {isa = PBXFileReference; lastKnownFileType = sourcecode.swift; path = VideoPlayerVC.swift; sourceTree = "<group>"; };
		AAFC5D6B26DA65180041F661 /* NewConversionVC.swift */ = {isa = PBXFileReference; lastKnownFileType = sourcecode.swift; path = NewConversionVC.swift; sourceTree = "<group>"; };
		AAFC5D6D26DA65460041F661 /* ProfileVC.swift */ = {isa = PBXFileReference; lastKnownFileType = sourcecode.swift; path = ProfileVC.swift; sourceTree = "<group>"; };
/* End PBXFileReference section */

/* Begin PBXFrameworksBuildPhase section */
		AAE3841726DA618D00CA8739 /* Frameworks */ = {
			isa = PBXFrameworksBuildPhase;
			buildActionMask = 2147483647;
			files = (
			);
			runOnlyForDeploymentPostprocessing = 0;
		};
/* End PBXFrameworksBuildPhase section */

/* Begin PBXGroup section */
		AAE3841126DA618D00CA8739 = {
			isa = PBXGroup;
			children = (
				AAE3841C26DA618D00CA8739 /* ChatApp */,
				AAE3841B26DA618D00CA8739 /* Products */,
			);
			sourceTree = "<group>";
		};
		AAE3841B26DA618D00CA8739 /* Products */ = {
			isa = PBXGroup;
			children = (
				AAE3841A26DA618D00CA8739 /* ChatApp.app */,
			);
			name = Products;
			sourceTree = "<group>";
		};
		AAE3841C26DA618D00CA8739 /* ChatApp */ = {
			isa = PBXGroup;
			children = (
				AAE3843626DA61E100CA8739 /* Resources */,
				AAE3843526DA61D400CA8739 /* ViewModels */,
				AAE3843426DA61CC00CA8739 /* Models */,
				AAE3843326DA61C600CA8739 /* Views */,
				AAE3843226DA61B300CA8739 /* Controllers */,
				AAE3842B26DA619300CA8739 /* Info.plist */,
			);
			path = ChatApp;
			sourceTree = "<group>";
		};
		AAE3843226DA61B300CA8739 /* Controllers */ = {
			isa = PBXGroup;
			children = (
				AAFC5D6326DA63930041F661 /* LoginVC.swift */,
				AAFC5D6526DA63AA0041F661 /* RegisterVC.swift */,
				AAE3842126DA618D00CA8739 /* ConversionsVC.swift */,
				AAFC5D6726DA64BB0041F661 /* PhotoViewerVC.swift */,
				AAFC5D6926DA64CF0041F661 /* VideoPlayerVC.swift */,
				AAFC5D6B26DA65180041F661 /* NewConversionVC.swift */,
				AAFC5D6D26DA65460041F661 /* ProfileVC.swift */,
			);
			path = Controllers;
			sourceTree = "<group>";
		};
		AAE3843326DA61C600CA8739 /* Views */ = {
			isa = PBXGroup;
			children = (
				AAE3843726DA61F900CA8739 /* Storyboards */,
				AAE3842626DA619300CA8739 /* Assets.xcassets */,
			);
			path = Views;
			sourceTree = "<group>";
		};
		AAE3843426DA61CC00CA8739 /* Models */ = {
			isa = PBXGroup;
			children = (
			);
			path = Models;
			sourceTree = "<group>";
		};
		AAE3843526DA61D400CA8739 /* ViewModels */ = {
			isa = PBXGroup;
			children = (
			);
			path = ViewModels;
			sourceTree = "<group>";
		};
		AAE3843626DA61E100CA8739 /* Resources */ = {
			isa = PBXGroup;
			children = (
				AAE3841D26DA618D00CA8739 /* AppDelegate.swift */,
				AAE3841F26DA618D00CA8739 /* SceneDelegate.swift */,
			);
			path = Resources;
			sourceTree = "<group>";
		};
		AAE3843726DA61F900CA8739 /* Storyboards */ = {
			isa = PBXGroup;
			children = (
				AAE3842326DA618D00CA8739 /* Main.storyboard */,
				AAE3842826DA619300CA8739 /* LaunchScreen.storyboard */,
			);
			path = Storyboards;
			sourceTree = "<group>";
		};
/* End PBXGroup section */

/* Begin PBXNativeTarget section */
		AAE3841926DA618D00CA8739 /* ChatApp */ = {
			isa = PBXNativeTarget;
			buildConfigurationList = AAE3842E26DA619300CA8739 /* Build configuration list for PBXNativeTarget "ChatApp" */;
			buildPhases = (
				AAE3841626DA618D00CA8739 /* Sources */,
				AAE3841726DA618D00CA8739 /* Frameworks */,
				AAE3841826DA618D00CA8739 /* Resources */,
			);
			buildRules = (
			);
			dependencies = (
			);
			name = ChatApp;
			productName = ChatApp;
			productReference = AAE3841A26DA618D00CA8739 /* ChatApp.app */;
			productType = "com.apple.product-type.application";
		};
/* End PBXNativeTarget section */

/* Begin PBXProject section */
		AAE3841226DA618D00CA8739 /* Project object */ = {
			isa = PBXProject;
			attributes = {
				LastSwiftUpdateCheck = 1250;
				LastUpgradeCheck = 1250;
				TargetAttributes = {
					AAE3841926DA618D00CA8739 = {
						CreatedOnToolsVersion = 12.5.1;
					};
				};
			};
			buildConfigurationList = AAE3841526DA618D00CA8739 /* Build configuration list for PBXProject "ChatApp" */;
			compatibilityVersion = "Xcode 9.3";
			developmentRegion = en;
			hasScannedForEncodings = 0;
			knownRegions = (
				en,
				Base,
			);
			mainGroup = AAE3841126DA618D00CA8739;
			productRefGroup = AAE3841B26DA618D00CA8739 /* Products */;
			projectDirPath = "";
			projectRoot = "";
			targets = (
				AAE3841926DA618D00CA8739 /* ChatApp */,
			);
		};
/* End PBXProject section */

/* Begin PBXResourcesBuildPhase section */
		AAE3841826DA618D00CA8739 /* Resources */ = {
			isa = PBXResourcesBuildPhase;
			buildActionMask = 2147483647;
			files = (
				AAE3842A26DA619300CA8739 /* LaunchScreen.storyboard in Resources */,
				AAE3842726DA619300CA8739 /* Assets.xcassets in Resources */,
				AAE3842526DA618D00CA8739 /* Main.storyboard in Resources */,
			);
			runOnlyForDeploymentPostprocessing = 0;
		};
/* End PBXResourcesBuildPhase section */

/* Begin PBXSourcesBuildPhase section */
		AAE3841626DA618D00CA8739 /* Sources */ = {
			isa = PBXSourcesBuildPhase;
			buildActionMask = 2147483647;
			files = (
				AAFC5D6A26DA64CF0041F661 /* VideoPlayerVC.swift in Sources */,
				AAFC5D6C26DA65180041F661 /* NewConversionVC.swift in Sources */,
				AAE3842226DA618D00CA8739 /* ConversionsVC.swift in Sources */,
				AAFC5D6E26DA65460041F661 /* ProfileVC.swift in Sources */,
				AAE3841E26DA618D00CA8739 /* AppDelegate.swift in Sources */,
				AAFC5D6426DA63930041F661 /* LoginVC.swift in Sources */,
				AAFC5D6826DA64BB0041F661 /* PhotoViewerVC.swift in Sources */,
				AAE3842026DA618D00CA8739 /* SceneDelegate.swift in Sources */,
				AAFC5D6626DA63AA0041F661 /* RegisterVC.swift in Sources */,
			);
			runOnlyForDeploymentPostprocessing = 0;
		};
/* End PBXSourcesBuildPhase section */

/* Begin PBXVariantGroup section */
		AAE3842326DA618D00CA8739 /* Main.storyboard */ = {
			isa = PBXVariantGroup;
			children = (
				AAE3842426DA618D00CA8739 /* Base */,
			);
			name = Main.storyboard;
			sourceTree = "<group>";
		};
		AAE3842826DA619300CA8739 /* LaunchScreen.storyboard */ = {
			isa = PBXVariantGroup;
			children = (
				AAE3842926DA619300CA8739 /* Base */,
			);
			name = LaunchScreen.storyboard;
			sourceTree = "<group>";
		};
/* End PBXVariantGroup section */

/* Begin XCBuildConfiguration section */
		AAE3842C26DA619300CA8739 /* Debug */ = {
			isa = XCBuildConfiguration;
			buildSettings = {
				ALWAYS_SEARCH_USER_PATHS = NO;
				CLANG_ANALYZER_NONNULL = YES;
				CLANG_ANALYZER_NUMBER_OBJECT_CONVERSION = YES_AGGRESSIVE;
				CLANG_CXX_LANGUAGE_STANDARD = "gnu++14";
				CLANG_CXX_LIBRARY = "libc++";
				CLANG_ENABLE_MODULES = YES;
				CLANG_ENABLE_OBJC_ARC = YES;
				CLANG_ENABLE_OBJC_WEAK = YES;
				CLANG_WARN_BLOCK_CAPTURE_AUTORELEASING = YES;
				CLANG_WARN_BOOL_CONVERSION = YES;
				CLANG_WARN_COMMA = YES;
				CLANG_WARN_CONSTANT_CONVERSION = YES;
				CLANG_WARN_DEPRECATED_OBJC_IMPLEMENTATIONS = YES;
				CLANG_WARN_DIRECT_OBJC_ISA_USAGE = YES_ERROR;
				CLANG_WARN_DOCUMENTATION_COMMENTS = YES;
				CLANG_WARN_EMPTY_BODY = YES;
				CLANG_WARN_ENUM_CONVERSION = YES;
				CLANG_WARN_INFINITE_RECURSION = YES;
				CLANG_WARN_INT_CONVERSION = YES;
				CLANG_WARN_NON_LITERAL_NULL_CONVERSION = YES;
				CLANG_WARN_OBJC_IMPLICIT_RETAIN_SELF = YES;
				CLANG_WARN_OBJC_LITERAL_CONVERSION = YES;
				CLANG_WARN_OBJC_ROOT_CLASS = YES_ERROR;
				CLANG_WARN_QUOTED_INCLUDE_IN_FRAMEWORK_HEADER = YES;
				CLANG_WARN_RANGE_LOOP_ANALYSIS = YES;
				CLANG_WARN_STRICT_PROTOTYPES = YES;
				CLANG_WARN_SUSPICIOUS_MOVE = YES;
				CLANG_WARN_UNGUARDED_AVAILABILITY = YES_AGGRESSIVE;
				CLANG_WARN_UNREACHABLE_CODE = YES;
				CLANG_WARN__DUPLICATE_METHOD_MATCH = YES;
				COPY_PHASE_STRIP = NO;
				DEBUG_INFORMATION_FORMAT = dwarf;
				ENABLE_STRICT_OBJC_MSGSEND = YES;
				ENABLE_TESTABILITY = YES;
				GCC_C_LANGUAGE_STANDARD = gnu11;
				GCC_DYNAMIC_NO_PIC = NO;
				GCC_NO_COMMON_BLOCKS = YES;
				GCC_OPTIMIZATION_LEVEL = 0;
				GCC_PREPROCESSOR_DEFINITIONS = (
					"DEBUG=1",
					"$(inherited)",
				);
				GCC_WARN_64_TO_32_BIT_CONVERSION = YES;
				GCC_WARN_ABOUT_RETURN_TYPE = YES_ERROR;
				GCC_WARN_UNDECLARED_SELECTOR = YES;
				GCC_WARN_UNINITIALIZED_AUTOS = YES_AGGRESSIVE;
				GCC_WARN_UNUSED_FUNCTION = YES;
				GCC_WARN_UNUSED_VARIABLE = YES;
				IPHONEOS_DEPLOYMENT_TARGET = 14.5;
				MTL_ENABLE_DEBUG_INFO = INCLUDE_SOURCE;
				MTL_FAST_MATH = YES;
				ONLY_ACTIVE_ARCH = YES;
				SDKROOT = iphoneos;
				SWIFT_ACTIVE_COMPILATION_CONDITIONS = DEBUG;
				SWIFT_OPTIMIZATION_LEVEL = "-Onone";
			};
			name = Debug;
		};
		AAE3842D26DA619300CA8739 /* Release */ = {
			isa = XCBuildConfiguration;
			buildSettings = {
				ALWAYS_SEARCH_USER_PATHS = NO;
				CLANG_ANALYZER_NONNULL = YES;
				CLANG_ANALYZER_NUMBER_OBJECT_CONVERSION = YES_AGGRESSIVE;
				CLANG_CXX_LANGUAGE_STANDARD = "gnu++14";
				CLANG_CXX_LIBRARY = "libc++";
				CLANG_ENABLE_MODULES = YES;
				CLANG_ENABLE_OBJC_ARC = YES;
				CLANG_ENABLE_OBJC_WEAK = YES;
				CLANG_WARN_BLOCK_CAPTURE_AUTORELEASING = YES;
				CLANG_WARN_BOOL_CONVERSION = YES;
				CLANG_WARN_COMMA = YES;
				CLANG_WARN_CONSTANT_CONVERSION = YES;
				CLANG_WARN_DEPRECATED_OBJC_IMPLEMENTATIONS = YES;
				CLANG_WARN_DIRECT_OBJC_ISA_USAGE = YES_ERROR;
				CLANG_WARN_DOCUMENTATION_COMMENTS = YES;
				CLANG_WARN_EMPTY_BODY = YES;
				CLANG_WARN_ENUM_CONVERSION = YES;
				CLANG_WARN_INFINITE_RECURSION = YES;
				CLANG_WARN_INT_CONVERSION = YES;
				CLANG_WARN_NON_LITERAL_NULL_CONVERSION = YES;
				CLANG_WARN_OBJC_IMPLICIT_RETAIN_SELF = YES;
				CLANG_WARN_OBJC_LITERAL_CONVERSION = YES;
				CLANG_WARN_OBJC_ROOT_CLASS = YES_ERROR;
				CLANG_WARN_QUOTED_INCLUDE_IN_FRAMEWORK_HEADER = YES;
				CLANG_WARN_RANGE_LOOP_ANALYSIS = YES;
				CLANG_WARN_STRICT_PROTOTYPES = YES;
				CLANG_WARN_SUSPICIOUS_MOVE = YES;
				CLANG_WARN_UNGUARDED_AVAILABILITY = YES_AGGRESSIVE;
				CLANG_WARN_UNREACHABLE_CODE = YES;
				CLANG_WARN__DUPLICATE_METHOD_MATCH = YES;
				COPY_PHASE_STRIP = NO;
				DEBUG_INFORMATION_FORMAT = "dwarf-with-dsym";
				ENABLE_NS_ASSERTIONS = NO;
				ENABLE_STRICT_OBJC_MSGSEND = YES;
				GCC_C_LANGUAGE_STANDARD = gnu11;
				GCC_NO_COMMON_BLOCKS = YES;
				GCC_WARN_64_TO_32_BIT_CONVERSION = YES;
				GCC_WARN_ABOUT_RETURN_TYPE = YES_ERROR;
				GCC_WARN_UNDECLARED_SELECTOR = YES;
				GCC_WARN_UNINITIALIZED_AUTOS = YES_AGGRESSIVE;
				GCC_WARN_UNUSED_FUNCTION = YES;
				GCC_WARN_UNUSED_VARIABLE = YES;
				IPHONEOS_DEPLOYMENT_TARGET = 14.5;
				MTL_ENABLE_DEBUG_INFO = NO;
				MTL_FAST_MATH = YES;
				SDKROOT = iphoneos;
				SWIFT_COMPILATION_MODE = wholemodule;
				SWIFT_OPTIMIZATION_LEVEL = "-O";
				VALIDATE_PRODUCT = YES;
			};
			name = Release;
		};
		AAE3842F26DA619300CA8739 /* Debug */ = {
			isa = XCBuildConfiguration;
			buildSettings = {
				ASSETCATALOG_COMPILER_APPICON_NAME = AppIcon;
				ASSETCATALOG_COMPILER_GLOBAL_ACCENT_COLOR_NAME = AccentColor;
				CODE_SIGN_STYLE = Automatic;
				DEVELOPMENT_TEAM = JT7ZHXC955;
				INFOPLIST_FILE = ChatApp/Info.plist;
				IPHONEOS_DEPLOYMENT_TARGET = 13.0;
				LD_RUNPATH_SEARCH_PATHS = (
					"$(inherited)",
					"@executable_path/Frameworks",
				);
				PRODUCT_BUNDLE_IDENTIFIER = eslam.ChatApp;
				PRODUCT_NAME = "$(TARGET_NAME)";
				SWIFT_VERSION = 5.0;
				TARGETED_DEVICE_FAMILY = "1,2";
			};
			name = Debug;
		};
		AAE3843026DA619300CA8739 /* Release */ = {
			isa = XCBuildConfiguration;
			buildSettings = {
				ASSETCATALOG_COMPILER_APPICON_NAME = AppIcon;
				ASSETCATALOG_COMPILER_GLOBAL_ACCENT_COLOR_NAME = AccentColor;
				CODE_SIGN_STYLE = Automatic;
				DEVELOPMENT_TEAM = JT7ZHXC955;
				INFOPLIST_FILE = ChatApp/Info.plist;
				IPHONEOS_DEPLOYMENT_TARGET = 13.0;
				LD_RUNPATH_SEARCH_PATHS = (
					"$(inherited)",
					"@executable_path/Frameworks",
				);
				PRODUCT_BUNDLE_IDENTIFIER = eslam.ChatApp;
				PRODUCT_NAME = "$(TARGET_NAME)";
				SWIFT_VERSION = 5.0;
				TARGETED_DEVICE_FAMILY = "1,2";
			};
			name = Release;
		};
/* End XCBuildConfiguration section */

/* Begin XCConfigurationList section */
		AAE3841526DA618D00CA8739 /* Build configuration list for PBXProject "ChatApp" */ = {
			isa = XCConfigurationList;
			buildConfigurations = (
				AAE3842C26DA619300CA8739 /* Debug */,
				AAE3842D26DA619300CA8739 /* Release */,
			);
			defaultConfigurationIsVisible = 0;
			defaultConfigurationName = Release;
		};
		AAE3842E26DA619300CA8739 /* Build configuration list for PBXNativeTarget "ChatApp" */ = {
			isa = XCConfigurationList;
			buildConfigurations = (
				AAE3842F26DA619300CA8739 /* Debug */,
				AAE3843026DA619300CA8739 /* Release */,
			);
			defaultConfigurationIsVisible = 0;
			defaultConfigurationName = Release;
		};
/* End XCConfigurationList section */
	};
	rootObject = AAE3841226DA618D00CA8739 /* Project object */;
}
